
Microsoft Visual Studio Solution File, Format Version 12.00
# Visual Studio Version 16
VisualStudioVersion = 16.0.31911.196
MinimumVisualStudioVersion = 10.0.40219.1
Project("{888888A0-9F3D-457C-B088-3A5042F75D52}") = "The Talk App", "The Talk App\The Talk App.pyproj", "{E8062AFB-7294-4495-9BF2-7EC42FFCA450}"
EndProject
Global
	GlobalSection(SolutionConfigurationPlatforms) = preSolution
		Debug|Any CPU = Debug|Any CPU
		Release|Any CPU = Release|Any CPU
	EndGlobalSection
	GlobalSection(ProjectConfigurationPlatforms) = postSolution
		{E8062AFB-7294-4495-9BF2-7EC42FFCA450}.Debug|Any CPU.ActiveCfg = Debug|Any CPU
		{E8062AFB-7294-4495-9BF2-7EC42FFCA450}.Release|Any CPU.ActiveCfg = Release|Any CPU
	EndGlobalSection
	GlobalSection(SolutionProperties) = preSolution
		HideSolutionNode = FALSE
	EndGlobalSection
	GlobalSection(ExtensibilityGlobals) = postSolution
		SolutionGuid = {29826774-5C04-446E-A88B-199D6ED4628C}
	EndGlobalSection
EndGlobal
